{
  "nodes": {
    "nixpkgs": {
      "locked": {
        "lastModified": 1786106723,
        "narHash": "sha256-zDSUbpoeo/9ZmD2+wXnzxoo1+uhL8vxc0b8yuYMKYq0=",
        "owner": "nixos",
        "repo": "nixpkgs",
        "rev": "f13ff45afd1bb73e640eaa08a7066dbed07e3238",
        "type": "github"
      },
      "original": {
        "owner": "nixos",
        "ref": "nixos-unstable",
        "repo": "nixpkgs",
        "type": "github"
      }
    },
    "nixpkgs-darwin": {
      "locked": {
        "lastModified": 1785067121,
        "narHash": "sha256-rdJdWxAcg5fnntU4DjPivPdVEN4F+VJavw+UWpEMeUI=",
        "owner": "NixOS",
        "repo": "nixpkgs",
        "rev": "329c3d2af6d1b618705150ea39f72c15eb4e613e",
        "type": "github"
      },
      "original": {
        "owner": "NixOS",
        "ref": "nixpkgs-26.05-darwin",
        "repo": "nixpkgs",
        "type": "github"
      }
    },
    "roc-overlay": {
      "inputs": {
        "nixpkgs": [
          "nixpkgs"
        ],
        "nixpkgs-darwin": "nixpkgs-darwin"
      },
      "locked": {
        "lastModified": 1786798885,
        "narHash": "sha256-EFQsolYkG5nNZ9Ua0j7HO3txkUCpRTPAxmlPMap/KF0=",
        "owner": "roc-lang",
        "repo": "roc-overlay",
        "rev": "eef7b03b0e49795f655ef8953397811450502989",
        "type": "github"
      },
      "original": {
        "owner": "roc-lang",
        "repo": "roc-overlay",
        "rev": "eef7b03b0e49795f655ef8953397811450502989",
        "type": "github"
      }
    },
    "root": {
      "inputs": {
        "nixpkgs": "nixpkgs",
        "roc-overlay": "roc-overlay"
      }
    }
  },
  "root": "root",
  "version": 7
}
